
Microsoft Visual Studio Solution File, Format Version 12.00
# Visual Studio Version 17
VisualStudioVersion = 17.2.32630.192
MinimumVisualStudioVersion = 10.0.40219.1
Project("{FAE04EC0-301F-11D3-BF4B-00C04F79EFBC}") = "Calculo-Media-Alunos", "Calculo-Media-Alunos\Calculo-Media-Alunos.csproj", "{2E6D7B2F-3521-47E9-884E-36E0E5B9D335}"
EndProject
Global
	GlobalSection(SolutionConfigurationPlatforms) = preSolution
		Debug|Any CPU = Debug|Any CPU
		Release|Any CPU = Release|Any CPU
	EndGlobalSection
	GlobalSection(ProjectConfigurationPlatforms) = postSolution
		{2E6D7B2F-3521-47E9-884E-36E0E5B9D335}.Debug|Any CPU.ActiveCfg = Debug|Any CPU
		{2E6D7B2F-3521-47E9-884E-36E0E5B9D335}.Debug|Any CPU.Build.0 = Debug|Any CPU
		{2E6D7B2F-3521-47E9-884E-36E0E5B9D335}.Release|Any CPU.ActiveCfg = Release|Any CPU
		{2E6D7B2F-3521-47E9-884E-36E0E5B9D335}.Release|Any CPU.Build.0 = Release|Any CPU
	EndGlobalSection
	GlobalSection(SolutionProperties) = preSolution
		HideSolutionNode = FALSE
	EndGlobalSection
	GlobalSection(ExtensibilityGlobals) = postSolution
		SolutionGuid = {2F4E7165-693E-47AC-BA3E-BEF2E98D83F5}
	EndGlobalSection
EndGlobal
